# This file was autogenerated by Stack.
# You should not edit this file by hand.
# For more information, please see the documentation at:
#   https://docs.haskellstack.org/en/stable/lock_files

packages:
- completed:
    hackage: data-fix-0.3.0@sha256:058a266d1e658500e0ffb8babe68195b0ce06a081dcfc3814afc784b083fd9a5,1645
    pantry-tree:
      size: 261
      sha256: 6cf43af344624e087dbe2f1e96e985de6142e85bb02db8449df6d72bee3c1013
  original:
    hackage: data-fix-0.3.0
snapshots:
- completed:
    size: 532386
    url: https://raw.githubusercontent.com/commercialhaskell/stackage-snapshots/master/lts/16/17.yaml
    sha256: d3ee1ae797cf63189c95cf27f00700304946c5cb3c1e6a82001cd6584a221e1b
  original: lts-16.17
